{
  "_comment": "v0.1.5: MQTT-Einstellungen auf der Gateway-Seite speichern wieder moeglich (frischer Toggle), Versionsanzeige im Footer korrigiert. Bei neuem Release: tag + sha256 hier per build-bridge-release.sh-Ausgabe aktualisieren.",
  "repo": "wuselAUT/gardena-matter-mqtt-bridge",
  "tag": "v0.1.5",
  "sha256": "851ee9009fc9b194e6305dc7a59d328f33cd98ee9bd2d9ac892bfbe2dacd2f9c"
}
